{"1.1.0",
[{<<"base64url">>,{pkg,<<"base64url">>,<<"0.0.1">>},1},
 {<<"cowboy">>,{pkg,<<"cowboy">>,<<"1.0.4">>},0},
 {<<"cowboy_access_log">>,
  {git,"git@github.com:rbkmoney/cowboy_access_log.git",
       {ref,"a06c299a9b05f6868c48f40b1aeb7c00b775ce12"}},
  0},
 {<<"cowboy_cors">>,
  {git,"https://github.com/danielwhite/cowboy_cors.git",
       {ref,"392f5804b63fff2bd0fda67671d5b2fbe0badd37"}},
  0},
 {<<"cowlib">>,{pkg,<<"cowlib">>,<<"1.0.2">>},1},
 {<<"dmsl">>,
  {git,"git@github.com:rbkmoney/damsel.git",
       {ref,"69d15d2ef72370e82d598760e8115a2dac8310de"}},
  0},
 {<<"genlib">>,
  {git,"https://github.com/rbkmoney/genlib.git",
       {ref,"7fc1ca1a57dbe2b8b837951095e314c32afd6c9a"}},
  0},
 {<<"goldrush">>,{pkg,<<"goldrush">>,<<"0.1.9">>},1},
 {<<"jesse">>,
  {git,"https://github.com/rbkmoney/jesse.git",
       {ref,"39105922d1ce5834383d8e8aa877c60319b9834a"}},
  0},
 {<<"jose">>,{pkg,<<"jose">>,<<"1.7.9">>},0},
 {<<"jsx">>,{pkg,<<"jsx">>,<<"2.8.2">>},0},
 {<<"lager">>,{pkg,<<"lager">>,<<"3.2.4">>},0},
 {<<"lager_logstash_formatter">>,
  {git,"git@github.com:rbkmoney/lager_logstash_formatter.git",
       {ref,"83a0f21c03dacbd876c7289435f369f573c749b1"}},
  0},
 {<<"mg_proto">>,
  {git,"git@github.com:rbkmoney/machinegun_proto.git",
       {ref,"5c07c579014f9900357f7a72f9d10a03008b9da1"}},
  0},
 {<<"parse_trans">>,
  {git,"https://github.com/rbkmoney/parse_trans.git",
       {ref,"5ee45f5bfa6c04329bea3281977b774f04c89f11"}},
  0},
 {<<"ranch">>,{pkg,<<"ranch">>,<<"1.4.0">>},1},
 {<<"rfc3339">>,{pkg,<<"rfc3339">>,<<"0.2.2">>},0}]}.
[
{pkg_hash,[
 {<<"base64url">>, <<"36A90125F5948E3AFD7BE97662A1504B934DD5DAC78451CA6E9ABF85A10286BE">>},
 {<<"cowboy">>, <<"A324A8DF9F2316C833A470D918AAF73AE894278B8AA6226CE7A9BF699388F878">>},
 {<<"cowlib">>, <<"9D769A1D062C9C3AC753096F868CA121E2730B9A377DE23DEC0F7E08B1DF84EE">>},
 {<<"goldrush">>, <<"F06E5D5F1277DA5C413E84D5A2924174182FB108DABB39D5EC548B27424CD106">>},
 {<<"jose">>, <<"9DC5A14AB62DB4E41677FCC97993752562FB57AD0B8BA062589682EDD3ACB91F">>},
 {<<"jsx">>, <<"7ACC7D785B5ABE8A6E9ADBDE926A24E481F29956DD8B4DF49E3E4E7BCC92A018">>},
 {<<"lager">>, <<"A6DEB74DAE7927F46BD13255268308EF03EB206EC784A94EAF7C1C0F3B811615">>},
 {<<"ranch">>, <<"10272F95DA79340FA7E8774BA7930B901713D272905D0012B06CA6D994F8826B">>},
 {<<"rfc3339">>, <<"1552DF616ACA368D982E9F085A0E933B6688A3F4938A671798978EC2C0C58730">>}]}
].
